
Microsoft Visual Studio Solution File, Format Version 12.00
# Visual Studio 2012
Project("{FAE04EC0-301F-11D3-BF4B-00C04F79EFBC}") = "Glimpse.VersionCheck", "source\Glimpse.VersionCheck\Glimpse.VersionCheck.csproj", "{A0EFE764-BBDE-4815-81A5-25A1FB204DE7}"
EndProject
Project("{FAE04EC0-301F-11D3-BF4B-00C04F79EFBC}") = "Glimpse.VersionCheck.Test", "source\Glimpse.VersionCheck.Test\Glimpse.VersionCheck.Test.csproj", "{FF9651A3-06B5-421A-9EF7-9124CCBDA921}"
EndProject
Project("{2150E333-8FDC-42A3-9474-1A3956D46DE8}") = ".nuget", ".nuget", "{35299946-422F-443B-A199-21100FCB91AF}"
	ProjectSection(SolutionItems) = preProject
		.nuget\NuGet.Config = .nuget\NuGet.Config
		.nuget\NuGet.exe = .nuget\NuGet.exe
		.nuget\NuGet.targets = .nuget\NuGet.targets
	EndProjectSection
EndProject
Project("{FAE04EC0-301F-11D3-BF4B-00C04F79EFBC}") = "Glimpse.VersionCheck.WebApi", "source\Glimpse.VersionCheck.WebApi\Glimpse.VersionCheck.WebApi.csproj", "{10E01D48-569E-4F28-A346-62AD59E59CE7}"
EndProject
Global
	GlobalSection(SolutionConfigurationPlatforms) = preSolution
		Debug|Any CPU = Debug|Any CPU
		Release|Any CPU = Release|Any CPU
	EndGlobalSection
	GlobalSection(ProjectConfigurationPlatforms) = postSolution
		{A0EFE764-BBDE-4815-81A5-25A1FB204DE7}.Debug|Any CPU.ActiveCfg = Debug|Any CPU
		{A0EFE764-BBDE-4815-81A5-25A1FB204DE7}.Debug|Any CPU.Build.0 = Debug|Any CPU
		{A0EFE764-BBDE-4815-81A5-25A1FB204DE7}.Release|Any CPU.ActiveCfg = Release|Any CPU
		{A0EFE764-BBDE-4815-81A5-25A1FB204DE7}.Release|Any CPU.Build.0 = Release|Any CPU
		{FF9651A3-06B5-421A-9EF7-9124CCBDA921}.Debug|Any CPU.ActiveCfg = Debug|Any CPU
		{FF9651A3-06B5-421A-9EF7-9124CCBDA921}.Debug|Any CPU.Build.0 = Debug|Any CPU
		{FF9651A3-06B5-421A-9EF7-9124CCBDA921}.Release|Any CPU.ActiveCfg = Release|Any CPU
		{FF9651A3-06B5-421A-9EF7-9124CCBDA921}.Release|Any CPU.Build.0 = Release|Any CPU
		{10E01D48-569E-4F28-A346-62AD59E59CE7}.Debug|Any CPU.ActiveCfg = Debug|Any CPU
		{10E01D48-569E-4F28-A346-62AD59E59CE7}.Debug|Any CPU.Build.0 = Debug|Any CPU
		{10E01D48-569E-4F28-A346-62AD59E59CE7}.Release|Any CPU.ActiveCfg = Release|Any CPU
		{10E01D48-569E-4F28-A346-62AD59E59CE7}.Release|Any CPU.Build.0 = Release|Any CPU
	EndGlobalSection
	GlobalSection(SolutionProperties) = preSolution
		HideSolutionNode = FALSE
	EndGlobalSection
EndGlobal
