
Microsoft Visual Studio Solution File, Format Version 12.00
# Visual Studio 2013
VisualStudioVersion = 12.0.21005.1
MinimumVisualStudioVersion = 10.0.40219.1
Project("{FAE04EC0-301F-11D3-BF4B-00C04F79EFBC}") = "Glimpse.Site", "source\Glimpse.Site\Glimpse.Site.csproj", "{0180A7C0-2BB9-4B4C-A74F-64D888B0A011}"
EndProject
Project("{2150E333-8FDC-42A3-9474-1A3956D46DE8}") = ".nuget", ".nuget", "{35299946-422F-443B-A199-21100FCB91AF}"
	ProjectSection(SolutionItems) = preProject
		.nuget\NuGet.exe = .nuget\NuGet.exe
	EndProjectSection
EndProject
Project("{FAE04EC0-301F-11D3-BF4B-00C04F79EFBC}") = "Glimpse.Infrastructure", "source\Glimpse.Infrastructure\Glimpse.Infrastructure.csproj", "{5FE03002-28D6-4F7C-9C63-84BDE2334070}"
EndProject
Project("{FAE04EC0-301F-11D3-BF4B-00C04F79EFBC}") = "Glimpse.Infrastructure.Test", "source\Glimpse.Infrastructure.Test\Glimpse.Infrastructure.Test.csproj", "{B8C4A194-D047-4776-9D28-D61F9E28E923}"
EndProject
Project("{FAE04EC0-301F-11D3-BF4B-00C04F79EFBC}") = "Glimpse.Package", "source\Glimpse.Package\Glimpse.Package.csproj", "{A0EFE764-BBDE-4815-81A5-25A1FB204DE7}"
EndProject
Project("{FAE04EC0-301F-11D3-BF4B-00C04F79EFBC}") = "Glimpse.Package.Test", "source\Glimpse.Package.Test\Glimpse.Package.Test.csproj", "{FF9651A3-06B5-421A-9EF7-9124CCBDA921}"
EndProject
Project("{FAE04EC0-301F-11D3-BF4B-00C04F79EFBC}") = "Glimpse.Twitter", "source\Glimpse.Twitter\Glimpse.Twitter.csproj", "{5247C150-D7CF-4A2F-994C-447E25B66AF1}"
EndProject
Project("{FAE04EC0-301F-11D3-BF4B-00C04F79EFBC}") = "Glimpse.Build", "source\Glimpse.Build\Glimpse.Build.csproj", "{7B5C79AC-FCCB-47DE-ACEE-78566A0CCBAB}"
EndProject
Global
	GlobalSection(SolutionConfigurationPlatforms) = preSolution
		Debug|Any CPU = Debug|Any CPU
		Release|Any CPU = Release|Any CPU
	EndGlobalSection
	GlobalSection(ProjectConfigurationPlatforms) = postSolution
		{0180A7C0-2BB9-4B4C-A74F-64D888B0A011}.Debug|Any CPU.ActiveCfg = Debug|Any CPU
		{0180A7C0-2BB9-4B4C-A74F-64D888B0A011}.Debug|Any CPU.Build.0 = Debug|Any CPU
		{0180A7C0-2BB9-4B4C-A74F-64D888B0A011}.Release|Any CPU.ActiveCfg = Release|Any CPU
		{0180A7C0-2BB9-4B4C-A74F-64D888B0A011}.Release|Any CPU.Build.0 = Release|Any CPU
		{5FE03002-28D6-4F7C-9C63-84BDE2334070}.Debug|Any CPU.ActiveCfg = Debug|Any CPU
		{5FE03002-28D6-4F7C-9C63-84BDE2334070}.Debug|Any CPU.Build.0 = Debug|Any CPU
		{5FE03002-28D6-4F7C-9C63-84BDE2334070}.Release|Any CPU.ActiveCfg = Release|Any CPU
		{5FE03002-28D6-4F7C-9C63-84BDE2334070}.Release|Any CPU.Build.0 = Release|Any CPU
		{B8C4A194-D047-4776-9D28-D61F9E28E923}.Debug|Any CPU.ActiveCfg = Debug|Any CPU
		{B8C4A194-D047-4776-9D28-D61F9E28E923}.Debug|Any CPU.Build.0 = Debug|Any CPU
		{B8C4A194-D047-4776-9D28-D61F9E28E923}.Release|Any CPU.ActiveCfg = Release|Any CPU
		{B8C4A194-D047-4776-9D28-D61F9E28E923}.Release|Any CPU.Build.0 = Release|Any CPU
		{A0EFE764-BBDE-4815-81A5-25A1FB204DE7}.Debug|Any CPU.ActiveCfg = Debug|Any CPU
		{A0EFE764-BBDE-4815-81A5-25A1FB204DE7}.Debug|Any CPU.Build.0 = Debug|Any CPU
		{A0EFE764-BBDE-4815-81A5-25A1FB204DE7}.Release|Any CPU.ActiveCfg = Release|Any CPU
		{A0EFE764-BBDE-4815-81A5-25A1FB204DE7}.Release|Any CPU.Build.0 = Release|Any CPU
		{FF9651A3-06B5-421A-9EF7-9124CCBDA921}.Debug|Any CPU.ActiveCfg = Debug|Any CPU
		{FF9651A3-06B5-421A-9EF7-9124CCBDA921}.Debug|Any CPU.Build.0 = Debug|Any CPU
		{FF9651A3-06B5-421A-9EF7-9124CCBDA921}.Release|Any CPU.ActiveCfg = Release|Any CPU
		{FF9651A3-06B5-421A-9EF7-9124CCBDA921}.Release|Any CPU.Build.0 = Release|Any CPU
		{5247C150-D7CF-4A2F-994C-447E25B66AF1}.Debug|Any CPU.ActiveCfg = Debug|Any CPU
		{5247C150-D7CF-4A2F-994C-447E25B66AF1}.Debug|Any CPU.Build.0 = Debug|Any CPU
		{5247C150-D7CF-4A2F-994C-447E25B66AF1}.Release|Any CPU.ActiveCfg = Release|Any CPU
		{5247C150-D7CF-4A2F-994C-447E25B66AF1}.Release|Any CPU.Build.0 = Release|Any CPU
		{7B5C79AC-FCCB-47DE-ACEE-78566A0CCBAB}.Debug|Any CPU.ActiveCfg = Debug|Any CPU
		{7B5C79AC-FCCB-47DE-ACEE-78566A0CCBAB}.Debug|Any CPU.Build.0 = Debug|Any CPU
		{7B5C79AC-FCCB-47DE-ACEE-78566A0CCBAB}.Release|Any CPU.ActiveCfg = Release|Any CPU
		{7B5C79AC-FCCB-47DE-ACEE-78566A0CCBAB}.Release|Any CPU.Build.0 = Release|Any CPU
	EndGlobalSection
	GlobalSection(SolutionProperties) = preSolution
		HideSolutionNode = FALSE
	EndGlobalSection
EndGlobal
